// !$*UTF8*$!
{
	archiveVersion = 1;
	classes = {
	};
	objectVersion = 46;
	objects = {

/* Begin PBXBuildFile section */
		A9F43B08048573F30E6CFB02 /* Pods_electri_social.framework in Frameworks */ = {isa = PBXBuildFile; fileRef = 6F485D0DC736999439CD903E /* Pods_electri_social.framework */; };
		BA12FEF01C90615A0087EB3B /* DataService.swift in Sources */ = {isa = PBXBuildFile; fileRef = BA12FEEF1C90615A0087EB3B /* DataService.swift */; };
		BA6B00551C998B0500590E5B /* FeedVC.swift in Sources */ = {isa = PBXBuildFile; fileRef = BA6B00541C998B0500590E5B /* FeedVC.swift */; };
		BA6B00571C998E5B00590E5B /* PostCell.swift in Sources */ = {isa = PBXBuildFile; fileRef = BA6B00561C998E5B00590E5B /* PostCell.swift */; };
		BAB757101C8F7AAA00F7A7EB /* AppDelegate.swift in Sources */ = {isa = PBXBuildFile; fileRef = BAB7570F1C8F7AAA00F7A7EB /* AppDelegate.swift */; };
		BAB757121C8F7AAA00F7A7EB /* ViewController.swift in Sources */ = {isa = PBXBuildFile; fileRef = BAB757111C8F7AAA00F7A7EB /* ViewController.swift */; };
		BAB757151C8F7AAA00F7A7EB /* Main.storyboard in Resources */ = {isa = PBXBuildFile; fileRef = BAB757131C8F7AAA00F7A7EB /* Main.storyboard */; };
		BAB757171C8F7AAA00F7A7EB /* Assets.xcassets in Resources */ = {isa = PBXBuildFile; fileRef = BAB757161C8F7AAA00F7A7EB /* Assets.xcassets */; };
		BAB7571A1C8F7AAA00F7A7EB /* LaunchScreen.storyboard in Resources */ = {isa = PBXBuildFile; fileRef = BAB757181C8F7AAA00F7A7EB /* LaunchScreen.storyboard */; };
		BAB757291C8F7B3B00F7A7EB /* NotoSans-Bold.ttf in Resources */ = {isa = PBXBuildFile; fileRef = BAB757251C8F7B3B00F7A7EB /* NotoSans-Bold.ttf */; };
		BAB7572A1C8F7B3B00F7A7EB /* NotoSans-BoldItalic.ttf in Resources */ = {isa = PBXBuildFile; fileRef = BAB757261C8F7B3B00F7A7EB /* NotoSans-BoldItalic.ttf */; };
		BAB7572B1C8F7B3B00F7A7EB /* NotoSans-Italic.ttf in Resources */ = {isa = PBXBuildFile; fileRef = BAB757271C8F7B3B00F7A7EB /* NotoSans-Italic.ttf */; };
		BAB7572C1C8F7B3B00F7A7EB /* NotoSans-Regular.ttf in Resources */ = {isa = PBXBuildFile; fileRef = BAB757281C8F7B3B00F7A7EB /* NotoSans-Regular.ttf */; };
		BAB7572E1C8F847400F7A7EB /* MaterialView.swift in Sources */ = {isa = PBXBuildFile; fileRef = BAB7572D1C8F847400F7A7EB /* MaterialView.swift */; };
		BAB757311C8F84F000F7A7EB /* Constants.swift in Sources */ = {isa = PBXBuildFile; fileRef = BAB757301C8F84F000F7A7EB /* Constants.swift */; };
		BAB757331C8F90CD00F7A7EB /* MaterialButton.swift in Sources */ = {isa = PBXBuildFile; fileRef = BAB757321C8F90CD00F7A7EB /* MaterialButton.swift */; };
		BAB757351C8F9BA800F7A7EB /* MaterialTextField.swift in Sources */ = {isa = PBXBuildFile; fileRef = BAB757341C8F9BA800F7A7EB /* MaterialTextField.swift */; };
		BAB7573A1C90323F00F7A7EB /* Bolts.framework in Frameworks */ = {isa = PBXBuildFile; fileRef = BAB757371C90323F00F7A7EB /* Bolts.framework */; };
		BAB7573B1C90323F00F7A7EB /* FBSDKCoreKit.framework in Frameworks */ = {isa = PBXBuildFile; fileRef = BAB757381C90323F00F7A7EB /* FBSDKCoreKit.framework */; };
		BAB7573C1C90323F00F7A7EB /* FBSDKLoginKit.framework in Frameworks */ = {isa = PBXBuildFile; fileRef = BAB757391C90323F00F7A7EB /* FBSDKLoginKit.framework */; };
/* End PBXBuildFile section */

/* Begin PBXFileReference section */
		5CB5E55620CD9FCABADEA686 /* Pods-electri-social.debug.xcconfig */ = {isa = PBXFileReference; includeInIndex = 1; lastKnownFileType = text.xcconfig; name = "Pods-electri-social.debug.xcconfig"; path = "Pods/Target Support Files/Pods-electri-social/Pods-electri-social.debug.xcconfig"; sourceTree = "<group>"; };
		6F485D0DC736999439CD903E /* Pods_electri_social.framework */ = {isa = PBXFileReference; explicitFileType = wrapper.framework; includeInIndex = 0; path = Pods_electri_social.framework; sourceTree = BUILT_PRODUCTS_DIR; };
		BA12FEEF1C90615A0087EB3B /* DataService.swift */ = {isa = PBXFileReference; fileEncoding = 4; lastKnownFileType = sourcecode.swift; path = DataService.swift; sourceTree = "<group>"; };
		BA6B00541C998B0500590E5B /* FeedVC.swift */ = {isa = PBXFileReference; fileEncoding = 4; lastKnownFileType = sourcecode.swift; path = FeedVC.swift; sourceTree = "<group>"; };
		BA6B00561C998E5B00590E5B /* PostCell.swift */ = {isa = PBXFileReference; fileEncoding = 4; lastKnownFileType = sourcecode.swift; path = PostCell.swift; sourceTree = "<group>"; };
		BAB7570C1C8F7AAA00F7A7EB /* electri-social.app */ = {isa = PBXFileReference; explicitFileType = wrapper.application; includeInIndex = 0; path = "electri-social.app"; sourceTree = BUILT_PRODUCTS_DIR; };
		BAB7570F1C8F7AAA00F7A7EB /* AppDelegate.swift */ = {isa = PBXFileReference; lastKnownFileType = sourcecode.swift; path = AppDelegate.swift; sourceTree = "<group>"; };
		BAB757111C8F7AAA00F7A7EB /* ViewController.swift */ = {isa = PBXFileReference; lastKnownFileType = sourcecode.swift; path = ViewController.swift; sourceTree = "<group>"; };
		BAB757141C8F7AAA00F7A7EB /* Base */ = {isa = PBXFileReference; lastKnownFileType = file.storyboard; name = Base; path = Base.lproj/Main.storyboard; sourceTree = "<group>"; };
		BAB757161C8F7AAA00F7A7EB /* Assets.xcassets */ = {isa = PBXFileReference; lastKnownFileType = folder.assetcatalog; path = Assets.xcassets; sourceTree = "<group>"; };
		BAB757191C8F7AAA00F7A7EB /* Base */ = {isa = PBXFileReference; lastKnownFileType = file.storyboard; name = Base; path = Base.lproj/LaunchScreen.storyboard; sourceTree = "<group>"; };
		BAB7571B1C8F7AAA00F7A7EB /* Info.plist */ = {isa = PBXFileReference; lastKnownFileType = text.plist.xml; path = Info.plist; sourceTree = "<group>"; };
		BAB757251C8F7B3B00F7A7EB /* NotoSans-Bold.ttf */ = {isa = PBXFileReference; lastKnownFileType = file; path = "NotoSans-Bold.ttf"; sourceTree = "<group>"; };
		BAB757261C8F7B3B00F7A7EB /* NotoSans-BoldItalic.ttf */ = {isa = PBXFileReference; lastKnownFileType = file; path = "NotoSans-BoldItalic.ttf"; sourceTree = "<group>"; };
		BAB757271C8F7B3B00F7A7EB /* NotoSans-Italic.ttf */ = {isa = PBXFileReference; lastKnownFileType = file; path = "NotoSans-Italic.ttf"; sourceTree = "<group>"; };
		BAB757281C8F7B3B00F7A7EB /* NotoSans-Regular.ttf */ = {isa = PBXFileReference; lastKnownFileType = file; path = "NotoSans-Regular.ttf"; sourceTree = "<group>"; };
		BAB7572D1C8F847400F7A7EB /* MaterialView.swift */ = {isa = PBXFileReference; fileEncoding = 4; lastKnownFileType = sourcecode.swift; path = MaterialView.swift; sourceTree = "<group>"; };
		BAB757301C8F84F000F7A7EB /* Constants.swift */ = {isa = PBXFileReference; fileEncoding = 4; lastKnownFileType = sourcecode.swift; path = Constants.swift; sourceTree = "<group>"; };
		BAB757321C8F90CD00F7A7EB /* MaterialButton.swift */ = {isa = PBXFileReference; fileEncoding = 4; lastKnownFileType = sourcecode.swift; path = MaterialButton.swift; sourceTree = "<group>"; };
		BAB757341C8F9BA800F7A7EB /* MaterialTextField.swift */ = {isa = PBXFileReference; fileEncoding = 4; lastKnownFileType = sourcecode.swift; path = MaterialTextField.swift; sourceTree = "<group>"; };
		BAB757371C90323F00F7A7EB /* Bolts.framework */ = {isa = PBXFileReference; lastKnownFileType = wrapper.framework; path = Bolts.framework; sourceTree = "<group>"; };
		BAB757381C90323F00F7A7EB /* FBSDKCoreKit.framework */ = {isa = PBXFileReference; lastKnownFileType = wrapper.framework; path = FBSDKCoreKit.framework; sourceTree = "<group>"; };
		BAB757391C90323F00F7A7EB /* FBSDKLoginKit.framework */ = {isa = PBXFileReference; lastKnownFileType = wrapper.framework; path = FBSDKLoginKit.framework; sourceTree = "<group>"; };
		EDAE2470BB0C2A2FF25E494E /* Pods-electri-social.release.xcconfig */ = {isa = PBXFileReference; includeInIndex = 1; lastKnownFileType = text.xcconfig; name = "Pods-electri-social.release.xcconfig"; path = "Pods/Target Support Files/Pods-electri-social/Pods-electri-social.release.xcconfig"; sourceTree = "<group>"; };
/* End PBXFileReference section */

/* Begin PBXFrameworksBuildPhase section */
		BAB757091C8F7AAA00F7A7EB /* Frameworks */ = {
			isa = PBXFrameworksBuildPhase;
			buildActionMask = 2147483647;
			files = (
				BAB7573A1C90323F00F7A7EB /* Bolts.framework in Frameworks */,
				BAB7573B1C90323F00F7A7EB /* FBSDKCoreKit.framework in Frameworks */,
				BAB7573C1C90323F00F7A7EB /* FBSDKLoginKit.framework in Frameworks */,
				A9F43B08048573F30E6CFB02 /* Pods_electri_social.framework in Frameworks */,
			);
			runOnlyForDeploymentPostprocessing = 0;
		};
/* End PBXFrameworksBuildPhase section */

/* Begin PBXGroup section */
		596491C9E8E47D3217387CEA /* Pods */ = {
			isa = PBXGroup;
			children = (
				5CB5E55620CD9FCABADEA686 /* Pods-electri-social.debug.xcconfig */,
				EDAE2470BB0C2A2FF25E494E /* Pods-electri-social.release.xcconfig */,
			);
			name = Pods;
			sourceTree = "<group>";
		};
		BA12FEEE1C9060FC0087EB3B /* Services */ = {
			isa = PBXGroup;
			children = (
				BA12FEEF1C90615A0087EB3B /* DataService.swift */,
			);
			name = Services;
			sourceTree = "<group>";
		};
		BAB757031C8F7AAA00F7A7EB = {
			isa = PBXGroup;
			children = (
				BAB7570E1C8F7AAA00F7A7EB /* electri-social */,
				BAB7570D1C8F7AAA00F7A7EB /* Products */,
				596491C9E8E47D3217387CEA /* Pods */,
				D9A4A2CD8A04E18214D6B8A1 /* Frameworks */,
			);
			sourceTree = "<group>";
		};
		BAB7570D1C8F7AAA00F7A7EB /* Products */ = {
			isa = PBXGroup;
			children = (
				BAB7570C1C8F7AAA00F7A7EB /* electri-social.app */,
			);
			name = Products;
			sourceTree = "<group>";
		};
		BAB7570E1C8F7AAA00F7A7EB /* electri-social */ = {
			isa = PBXGroup;
			children = (
				BA12FEEE1C9060FC0087EB3B /* Services */,
				BAB757361C90321800F7A7EB /* Frameworks */,
				BAB7572F1C8F84CF00F7A7EB /* Util */,
				BAB757241C8F7ADA00F7A7EB /* Resources */,
				BAB757231C8F7AD300F7A7EB /* Model */,
				BAB757221C8F7ACC00F7A7EB /* View */,
				BAB757211C8F7AC400F7A7EB /* Controller */,
				BAB7570F1C8F7AAA00F7A7EB /* AppDelegate.swift */,
				BAB757111C8F7AAA00F7A7EB /* ViewController.swift */,
				BAB757131C8F7AAA00F7A7EB /* Main.storyboard */,
				BAB757161C8F7AAA00F7A7EB /* Assets.xcassets */,
				BAB757181C8F7AAA00F7A7EB /* LaunchScreen.storyboard */,
				BAB7571B1C8F7AAA00F7A7EB /* Info.plist */,
			);
			path = "electri-social";
			sourceTree = "<group>";
		};
		BAB757211C8F7AC400F7A7EB /* Controller */ = {
			isa = PBXGroup;
			children = (
				BA6B00541C998B0500590E5B /* FeedVC.swift */,
			);
			name = Controller;
			sourceTree = "<group>";
		};
		BAB757221C8F7ACC00F7A7EB /* View */ = {
			isa = PBXGroup;
			children = (
				BAB7572D1C8F847400F7A7EB /* MaterialView.swift */,
				BAB757321C8F90CD00F7A7EB /* MaterialButton.swift */,
				BAB757341C8F9BA800F7A7EB /* MaterialTextField.swift */,
				BA6B00561C998E5B00590E5B /* PostCell.swift */,
			);
			name = View;
			sourceTree = "<group>";
		};
		BAB757231C8F7AD300F7A7EB /* Model */ = {
			isa = PBXGroup;
			children = (
			);
			name = Model;
			sourceTree = "<group>";
		};
		BAB757241C8F7ADA00F7A7EB /* Resources */ = {
			isa = PBXGroup;
			children = (
				BAB757251C8F7B3B00F7A7EB /* NotoSans-Bold.ttf */,
				BAB757261C8F7B3B00F7A7EB /* NotoSans-BoldItalic.ttf */,
				BAB757271C8F7B3B00F7A7EB /* NotoSans-Italic.ttf */,
				BAB757281C8F7B3B00F7A7EB /* NotoSans-Regular.ttf */,
			);
			name = Resources;
			sourceTree = "<group>";
		};
		BAB7572F1C8F84CF00F7A7EB /* Util */ = {
			isa = PBXGroup;
			children = (
				BAB757301C8F84F000F7A7EB /* Constants.swift */,
			);
			name = Util;
			sourceTree = "<group>";
		};
		BAB757361C90321800F7A7EB /* Frameworks */ = {
			isa = PBXGroup;
			children = (
				BAB757371C90323F00F7A7EB /* Bolts.framework */,
				BAB757381C90323F00F7A7EB /* FBSDKCoreKit.framework */,
				BAB757391C90323F00F7A7EB /* FBSDKLoginKit.framework */,
			);
			name = Frameworks;
			sourceTree = "<group>";
		};
		D9A4A2CD8A04E18214D6B8A1 /* Frameworks */ = {
			isa = PBXGroup;
			children = (
				6F485D0DC736999439CD903E /* Pods_electri_social.framework */,
			);
			name = Frameworks;
			sourceTree = "<group>";
		};
/* End PBXGroup section */

/* Begin PBXNativeTarget section */
		BAB7570B1C8F7AAA00F7A7EB /* electri-social */ = {
			isa = PBXNativeTarget;
			buildConfigurationList = BAB7571E1C8F7AAA00F7A7EB /* Build configuration list for PBXNativeTarget "electri-social" */;
			buildPhases = (
				666C0AD954F449A36D27E393 /* Check Pods Manifest.lock */,
				BAB757081C8F7AAA00F7A7EB /* Sources */,
				BAB757091C8F7AAA00F7A7EB /* Frameworks */,
				BAB7570A1C8F7AAA00F7A7EB /* Resources */,
				F8CE784D164F9D4ABB711078 /* Embed Pods Frameworks */,
				0C5EE111AB021E19A7A5B428 /* Copy Pods Resources */,
			);
			buildRules = (
			);
			dependencies = (
			);
			name = "electri-social";
			productName = "electri-social";
			productReference = BAB7570C1C8F7AAA00F7A7EB /* electri-social.app */;
			productType = "com.apple.product-type.application";
		};
/* End PBXNativeTarget section */

/* Begin PBXProject section */
		BAB757041C8F7AAA00F7A7EB /* Project object */ = {
			isa = PBXProject;
			attributes = {
				LastSwiftUpdateCheck = 0720;
				LastUpgradeCheck = 0720;
				ORGANIZATIONNAME = "State Exam Pass";
				TargetAttributes = {
					BAB7570B1C8F7AAA00F7A7EB = {
						CreatedOnToolsVersion = 7.2.1;
						DevelopmentTeam = TPD5RSUEB6;
					};
				};
			};
			buildConfigurationList = BAB757071C8F7AAA00F7A7EB /* Build configuration list for PBXProject "electri-social" */;
			compatibilityVersion = "Xcode 3.2";
			developmentRegion = English;
			hasScannedForEncodings = 0;
			knownRegions = (
				en,
				Base,
			);
			mainGroup = BAB757031C8F7AAA00F7A7EB;
			productRefGroup = BAB7570D1C8F7AAA00F7A7EB /* Products */;
			projectDirPath = "";
			projectRoot = "";
			targets = (
				BAB7570B1C8F7AAA00F7A7EB /* electri-social */,
			);
		};
/* End PBXProject section */

/* Begin PBXResourcesBuildPhase section */
		BAB7570A1C8F7AAA00F7A7EB /* Resources */ = {
			isa = PBXResourcesBuildPhase;
			buildActionMask = 2147483647;
			files = (
				BAB757291C8F7B3B00F7A7EB /* NotoSans-Bold.ttf in Resources */,
				BAB7571A1C8F7AAA00F7A7EB /* LaunchScreen.storyboard in Resources */,
				BAB7572A1C8F7B3B00F7A7EB /* NotoSans-BoldItalic.ttf in Resources */,
				BAB7572B1C8F7B3B00F7A7EB /* NotoSans-Italic.ttf in Resources */,
				BAB757171C8F7AAA00F7A7EB /* Assets.xcassets in Resources */,
				BAB757151C8F7AAA00F7A7EB /* Main.storyboard in Resources */,
				BAB7572C1C8F7B3B00F7A7EB /* NotoSans-Regular.ttf in Resources */,
			);
			runOnlyForDeploymentPostprocessing = 0;
		};
/* End PBXResourcesBuildPhase section */

/* Begin PBXShellScriptBuildPhase section */
		0C5EE111AB021E19A7A5B428 /* Copy Pods Resources */ = {
			isa = PBXShellScriptBuildPhase;
			buildActionMask = 2147483647;
			files = (
			);
			inputPaths = (
			);
			name = "Copy Pods Resources";
			outputPaths = (
			);
			runOnlyForDeploymentPostprocessing = 0;
			shellPath = /bin/sh;
			shellScript = "\"${SRCROOT}/Pods/Target Support Files/Pods-electri-social/Pods-electri-social-resources.sh\"\n";
			showEnvVarsInLog = 0;
		};
		666C0AD954F449A36D27E393 /* Check Pods Manifest.lock */ = {
			isa = PBXShellScriptBuildPhase;
			buildActionMask = 2147483647;
			files = (
			);
			inputPaths = (
			);
			name = "Check Pods Manifest.lock";
			outputPaths = (
			);
			runOnlyForDeploymentPostprocessing = 0;
			shellPath = /bin/sh;
			shellScript = "diff \"${PODS_ROOT}/../Podfile.lock\" \"${PODS_ROOT}/Manifest.lock\" > /dev/null\nif [[ $? != 0 ]] ; then\n    cat << EOM\nerror: The sandbox is not in sync with the Podfile.lock. Run 'pod install' or update your CocoaPods installation.\nEOM\n    exit 1\nfi\n";
			showEnvVarsInLog = 0;
		};
		F8CE784D164F9D4ABB711078 /* Embed Pods Frameworks */ = {
			isa = PBXShellScriptBuildPhase;
			buildActionMask = 2147483647;
			files = (
			);
			inputPaths = (
			);
			name = "Embed Pods Frameworks";
			outputPaths = (
			);
			runOnlyForDeploymentPostprocessing = 0;
			shellPath = /bin/sh;
			shellScript = "\"${SRCROOT}/Pods/Target Support Files/Pods-electri-social/Pods-electri-social-frameworks.sh\"\n";
			showEnvVarsInLog = 0;
		};
/* End PBXShellScriptBuildPhase section */

/* Begin PBXSourcesBuildPhase section */
		BAB757081C8F7AAA00F7A7EB /* Sources */ = {
			isa = PBXSourcesBuildPhase;
			buildActionMask = 2147483647;
			files = (
				BAB757351C8F9BA800F7A7EB /* MaterialTextField.swift in Sources */,
				BA12FEF01C90615A0087EB3B /* DataService.swift in Sources */,
				BAB7572E1C8F847400F7A7EB /* MaterialView.swift in Sources */,
				BAB757121C8F7AAA00F7A7EB /* ViewController.swift in Sources */,
				BA6B00551C998B0500590E5B /* FeedVC.swift in Sources */,
				BA6B00571C998E5B00590E5B /* PostCell.swift in Sources */,
				BAB757101C8F7AAA00F7A7EB /* AppDelegate.swift in Sources */,
				BAB757311C8F84F000F7A7EB /* Constants.swift in Sources */,
				BAB757331C8F90CD00F7A7EB /* MaterialButton.swift in Sources */,
			);
			runOnlyForDeploymentPostprocessing = 0;
		};
/* End PBXSourcesBuildPhase section */

/* Begin PBXVariantGroup section */
		BAB757131C8F7AAA00F7A7EB /* Main.storyboard */ = {
			isa = PBXVariantGroup;
			children = (
				BAB757141C8F7AAA00F7A7EB /* Base */,
			);
			name = Main.storyboard;
			sourceTree = "<group>";
		};
		BAB757181C8F7AAA00F7A7EB /* LaunchScreen.storyboard */ = {
			isa = PBXVariantGroup;
			children = (
				BAB757191C8F7AAA00F7A7EB /* Base */,
			);
			name = LaunchScreen.storyboard;
			sourceTree = "<group>";
		};
/* End PBXVariantGroup section */

/* Begin XCBuildConfiguration section */
		BAB7571C1C8F7AAA00F7A7EB /* Debug */ = {
			isa = XCBuildConfiguration;
			buildSettings = {
				ALWAYS_SEARCH_USER_PATHS = NO;
				CLANG_CXX_LANGUAGE_STANDARD = "gnu++0x";
				CLANG_CXX_LIBRARY = "libc++";
				CLANG_ENABLE_MODULES = YES;
				CLANG_ENABLE_OBJC_ARC = YES;
				CLANG_WARN_BOOL_CONVERSION = YES;
				CLANG_WARN_CONSTANT_CONVERSION = YES;
				CLANG_WARN_DIRECT_OBJC_ISA_USAGE = YES_ERROR;
				CLANG_WARN_EMPTY_BODY = YES;
				CLANG_WARN_ENUM_CONVERSION = YES;
				CLANG_WARN_INT_CONVERSION = YES;
				CLANG_WARN_OBJC_ROOT_CLASS = YES_ERROR;
				CLANG_WARN_UNREACHABLE_CODE = YES;
				CLANG_WARN__DUPLICATE_METHOD_MATCH = YES;
				"CODE_SIGN_IDENTITY[sdk=iphoneos*]" = "iPhone Developer";
				COPY_PHASE_STRIP = NO;
				DEBUG_INFORMATION_FORMAT = dwarf;
				ENABLE_STRICT_OBJC_MSGSEND = YES;
				ENABLE_TESTABILITY = YES;
				GCC_C_LANGUAGE_STANDARD = gnu99;
				GCC_DYNAMIC_NO_PIC = NO;
				GCC_NO_COMMON_BLOCKS = YES;
				GCC_OPTIMIZATION_LEVEL = 0;
				GCC_PREPROCESSOR_DEFINITIONS = (
					"DEBUG=1",
					"$(inherited)",
				);
				GCC_WARN_64_TO_32_BIT_CONVERSION = YES;
				GCC_WARN_ABOUT_RETURN_TYPE = YES_ERROR;
				GCC_WARN_UNDECLARED_SELECTOR = YES;
				GCC_WARN_UNINITIALIZED_AUTOS = YES_AGGRESSIVE;
				GCC_WARN_UNUSED_FUNCTION = YES;
				GCC_WARN_UNUSED_VARIABLE = YES;
				IPHONEOS_DEPLOYMENT_TARGET = 9.2;
				MTL_ENABLE_DEBUG_INFO = YES;
				ONLY_ACTIVE_ARCH = YES;
				SDKROOT = iphoneos;
				SWIFT_OPTIMIZATION_LEVEL = "-Onone";
				TARGETED_DEVICE_FAMILY = "1,2";
			};
			name = Debug;
		};
		BAB7571D1C8F7AAA00F7A7EB /* Release */ = {
			isa = XCBuildConfiguration;
			buildSettings = {
				ALWAYS_SEARCH_USER_PATHS = NO;
				CLANG_CXX_LANGUAGE_STANDARD = "gnu++0x";
				CLANG_CXX_LIBRARY = "libc++";
				CLANG_ENABLE_MODULES = YES;
				CLANG_ENABLE_OBJC_ARC = YES;
				CLANG_WARN_BOOL_CONVERSION = YES;
				CLANG_WARN_CONSTANT_CONVERSION = YES;
				CLANG_WARN_DIRECT_OBJC_ISA_USAGE = YES_ERROR;
				CLANG_WARN_EMPTY_BODY = YES;
				CLANG_WARN_ENUM_CONVERSION = YES;
				CLANG_WARN_INT_CONVERSION = YES;
				CLANG_WARN_OBJC_ROOT_CLASS = YES_ERROR;
				CLANG_WARN_UNREACHABLE_CODE = YES;
				CLANG_WARN__DUPLICATE_METHOD_MATCH = YES;
				"CODE_SIGN_IDENTITY[sdk=iphoneos*]" = "iPhone Developer";
				COPY_PHASE_STRIP = NO;
				DEBUG_INFORMATION_FORMAT = "dwarf-with-dsym";
				ENABLE_NS_ASSERTIONS = NO;
				ENABLE_STRICT_OBJC_MSGSEND = YES;
				GCC_C_LANGUAGE_STANDARD = gnu99;
				GCC_NO_COMMON_BLOCKS = YES;
				GCC_WARN_64_TO_32_BIT_CONVERSION = YES;
				GCC_WARN_ABOUT_RETURN_TYPE = YES_ERROR;
				GCC_WARN_UNDECLARED_SELECTOR = YES;
				GCC_WARN_UNINITIALIZED_AUTOS = YES_AGGRESSIVE;
				GCC_WARN_UNUSED_FUNCTION = YES;
				GCC_WARN_UNUSED_VARIABLE = YES;
				IPHONEOS_DEPLOYMENT_TARGET = 9.2;
				MTL_ENABLE_DEBUG_INFO = NO;
				SDKROOT = iphoneos;
				TARGETED_DEVICE_FAMILY = "1,2";
				VALIDATE_PRODUCT = YES;
			};
			name = Release;
		};
		BAB7571F1C8F7AAA00F7A7EB /* Debug */ = {
			isa = XCBuildConfiguration;
			baseConfigurationReference = 5CB5E55620CD9FCABADEA686 /* Pods-electri-social.debug.xcconfig */;
			buildSettings = {
				ASSETCATALOG_COMPILER_APPICON_NAME = AppIcon;
				ENABLE_BITCODE = NO;
				FRAMEWORK_SEARCH_PATHS = (
					"$(inherited)",
					"$(PROJECT_DIR)/electri-social",
				);
				INFOPLIST_FILE = "electri-social/Info.plist";
				LD_RUNPATH_SEARCH_PATHS = "$(inherited) @executable_path/Frameworks";
				PRODUCT_BUNDLE_IDENTIFIER = "com.stateexampass.electri-social";
				PRODUCT_NAME = "$(TARGET_NAME)";
			};
			name = Debug;
		};
		BAB757201C8F7AAA00F7A7EB /* Release */ = {
			isa = XCBuildConfiguration;
			baseConfigurationReference = EDAE2470BB0C2A2FF25E494E /* Pods-electri-social.release.xcconfig */;
			buildSettings = {
				ASSETCATALOG_COMPILER_APPICON_NAME = AppIcon;
				ENABLE_BITCODE = NO;
				FRAMEWORK_SEARCH_PATHS = (
					"$(inherited)",
					"$(PROJECT_DIR)/electri-social",
				);
				INFOPLIST_FILE = "electri-social/Info.plist";
				LD_RUNPATH_SEARCH_PATHS = "$(inherited) @executable_path/Frameworks";
				PRODUCT_BUNDLE_IDENTIFIER = "com.stateexampass.electri-social";
				PRODUCT_NAME = "$(TARGET_NAME)";
			};
			name = Release;
		};
/* End XCBuildConfiguration section */

/* Begin XCConfigurationList section */
		BAB757071C8F7AAA00F7A7EB /* Build configuration list for PBXProject "electri-social" */ = {
			isa = XCConfigurationList;
			buildConfigurations = (
				BAB7571C1C8F7AAA00F7A7EB /* Debug */,
				BAB7571D1C8F7AAA00F7A7EB /* Release */,
			);
			defaultConfigurationIsVisible = 0;
			defaultConfigurationName = Release;
		};
		BAB7571E1C8F7AAA00F7A7EB /* Build configuration list for PBXNativeTarget "electri-social" */ = {
			isa = XCConfigurationList;
			buildConfigurations = (
				BAB7571F1C8F7AAA00F7A7EB /* Debug */,
				BAB757201C8F7AAA00F7A7EB /* Release */,
			);
			defaultConfigurationIsVisible = 0;
			defaultConfigurationName = Release;
		};
/* End XCConfigurationList section */
	};
	rootObject = BAB757041C8F7AAA00F7A7EB /* Project object */;
}
